
Microsoft Visual Studio Solution File, Format Version 12.00
# Visual Studio Version 17
VisualStudioVersion = 17.2.32630.192
MinimumVisualStudioVersion = 10.0.40219.1
Project("{FAE04EC0-301F-11D3-BF4B-00C04F79EFBC}") = "ArrayList_Product", "ArrayList_Product\ArrayList_Product.csproj", "{487F8885-C222-45A5-AF1A-B37AA6198082}"
EndProject
Global
	GlobalSection(SolutionConfigurationPlatforms) = preSolution
		Debug|Any CPU = Debug|Any CPU
		Release|Any CPU = Release|Any CPU
	EndGlobalSection
	GlobalSection(ProjectConfigurationPlatforms) = postSolution
		{487F8885-C222-45A5-AF1A-B37AA6198082}.Debug|Any CPU.ActiveCfg = Debug|Any CPU
		{487F8885-C222-45A5-AF1A-B37AA6198082}.Debug|Any CPU.Build.0 = Debug|Any CPU
		{487F8885-C222-45A5-AF1A-B37AA6198082}.Release|Any CPU.ActiveCfg = Release|Any CPU
		{487F8885-C222-45A5-AF1A-B37AA6198082}.Release|Any CPU.Build.0 = Release|Any CPU
	EndGlobalSection
	GlobalSection(SolutionProperties) = preSolution
		HideSolutionNode = FALSE
	EndGlobalSection
	GlobalSection(ExtensibilityGlobals) = postSolution
		SolutionGuid = {D522EDEB-B80E-49F8-9F7E-A02EC6963BBE}
	EndGlobalSection
EndGlobal
